
Microsoft Visual Studio Solution File, Format Version 12.00
# Visual Studio Version 17
VisualStudioVersion = 17.1.32228.430
MinimumVisualStudioVersion = 10.0.40219.1
Project("{FAE04EC0-301F-11D3-BF4B-00C04F79EFBC}") = "WalletFunctions", "WalletFunctions.csproj", "{B11D51E5-7550-43D5-B5B0-D2241B238877}"
EndProject
Global
	GlobalSection(SolutionConfigurationPlatforms) = preSolution
		Debug|Any CPU = Debug|Any CPU
		Release|Any CPU = Release|Any CPU
	EndGlobalSection
	GlobalSection(ProjectConfigurationPlatforms) = postSolution
		{B11D51E5-7550-43D5-B5B0-D2241B238877}.Debug|Any CPU.ActiveCfg = Debug|Any CPU
		{B11D51E5-7550-43D5-B5B0-D2241B238877}.Debug|Any CPU.Build.0 = Debug|Any CPU
		{B11D51E5-7550-43D5-B5B0-D2241B238877}.Release|Any CPU.ActiveCfg = Release|Any CPU
		{B11D51E5-7550-43D5-B5B0-D2241B238877}.Release|Any CPU.Build.0 = Release|Any CPU
	EndGlobalSection
	GlobalSection(SolutionProperties) = preSolution
		HideSolutionNode = FALSE
	EndGlobalSection
	GlobalSection(ExtensibilityGlobals) = postSolution
		SolutionGuid = {E9826D78-19E9-4BA1-B56D-E1EF6CAAA9B7}
	EndGlobalSection
EndGlobal
